
Microsoft Visual Studio Solution File, Format Version 12.00
# Visual Studio Version 17
VisualStudioVersion = 17.9.34607.119
MinimumVisualStudioVersion = 10.0.40219.1
Project("{FAE04EC0-301F-11D3-BF4B-00C04F79EFBC}") = "CRUDSederhana", "CRUDSederhana\CRUDSederhana.csproj", "{F590AA55-55A1-44B3-A2D0-A305551BD773}"
EndProject
Global
	GlobalSection(SolutionConfigurationPlatforms) = preSolution
		Debug|Any CPU = Debug|Any CPU
		Release|Any CPU = Release|Any CPU
	EndGlobalSection
	GlobalSection(ProjectConfigurationPlatforms) = postSolution
		{F590AA55-55A1-44B3-A2D0-A305551BD773}.Debug|Any CPU.ActiveCfg = Debug|Any CPU
		{F590AA55-55A1-44B3-A2D0-A305551BD773}.Debug|Any CPU.Build.0 = Debug|Any CPU
		{F590AA55-55A1-44B3-A2D0-A305551BD773}.Release|Any CPU.ActiveCfg = Release|Any CPU
		{F590AA55-55A1-44B3-A2D0-A305551BD773}.Release|Any CPU.Build.0 = Release|Any CPU
	EndGlobalSection
	GlobalSection(SolutionProperties) = preSolution
		HideSolutionNode = FALSE
	EndGlobalSection
	GlobalSection(ExtensibilityGlobals) = postSolution
		SolutionGuid = {3F18C5E1-60EC-4DE2-BC41-4BF26E39E1DA}
	EndGlobalSection
EndGlobal
